# THIS IS AN AUTOGENERATED FILE. DO NOT EDIT THIS FILE DIRECTLY.
# yarn lockfile v1


"@types/validator@13.0.0":
  version "13.0.0"
  resolved "https://registry.yarnpkg.com/@types/validator/-/validator-13.0.0.tgz#365f1bf936aeaddd0856fc41aa1d6f82d88ee5b3"
  integrity sha512-WAy5txG7aFX8Vw3sloEKp5p/t/Xt8jD3GRD9DacnFv6Vo8ubudAsRTXgxpQwU0mpzY/H8U4db3roDuCMjShBmw==

class-transformer@^0.3.1:
  version "0.3.2"
  resolved "https://registry.yarnpkg.com/class-transformer/-/class-transformer-0.3.2.tgz#779ef5f124784324b40f8e927c774bd96cdecd4b"
  integrity sha512-9QY6QXBH/+Gt1C3HBmJCrgY6+EFpIa6aLjfDnlXFx0zQl/HjrCE7qoaI0srNrxpMIfsobCpgUdDG5JYtJOpVsw==

class-validator@^0.12.2:
  version "0.12.2"
  resolved "https://registry.yarnpkg.com/class-validator/-/class-validator-0.12.2.tgz#2ceb72f88873e9c714cf5f9c278cbc71f6f6c8ef"
  integrity sha512-TDzPzp8BmpsbPhQpccB3jMUE/3pK0TyqamrK0kcx+ZeFytMA+O6q87JZZGObHHnoo9GM8vl/JppIyKWeEA/EVw==
  dependencies:
    "@types/validator" "13.0.0"
    google-libphonenumber "^3.2.8"
    tslib ">=1.9.0"
    validator "13.0.0"

google-libphonenumber@^3.2.8:
  version "3.2.31"
  resolved "https://registry.yarnpkg.com/google-libphonenumber/-/google-libphonenumber-3.2.31.tgz#d2c4d4c8d7385be70b515086e4d28dd20da50600"
  integrity sha512-l3bzAkfN4ITICKvuqEiY7JN06RxDAviOoKMtD2KfGYjGK3btPO8Xav7k0fgmf1Ud/pEm523yBh1/s/xDtKEvnw==

reflect-metadata@^0.1.13:
  version "0.1.13"
  resolved "https://registry.yarnpkg.com/reflect-metadata/-/reflect-metadata-0.1.13.tgz#67ae3ca57c972a2aa1642b10fe363fe32d49dc08"
  integrity sha512-Ts1Y/anZELhSsjMcU605fU9RE4Oi3p5ORujwbIKXfWa+0Zxs510Qrmrce5/Jowq3cHSZSJqBjypxmHarc+vEWg==

tslib@>=1.9.0:
  version "2.4.0"
  resolved "https://registry.yarnpkg.com/tslib/-/tslib-2.4.0.tgz#7cecaa7f073ce680a05847aa77be941098f36dc3"
  integrity sha512-d6xOpEDfsi2CZVlPQzGeux8XMwLT9hssAsaPYExaQMuYskwb+x1x7J371tWlbBdWHroy99KnVB6qIkUbs5X3UQ==

typescript@^4.2.4:
  version "4.8.4"
  resolved "https://registry.yarnpkg.com/typescript/-/typescript-4.8.4.tgz#c464abca159669597be5f96b8943500b238e60e6"
  integrity sha512-QCh+85mCy+h0IGff8r5XWzOVSbBO+KfeYrMQh7NJ58QujwcE22u+NUSmUxqF+un70P9GXKxa2HCNiTTMJknyjQ==

validator@13.0.0:
  version "13.0.0"
  resolved "https://registry.yarnpkg.com/validator/-/validator-13.0.0.tgz#0fb6c6bb5218ea23d368a8347e6d0f5a70e3bcab"
  integrity sha512-anYx5fURbgF04lQV18nEQWZ/3wHGnxiKdG4aL8J+jEDsm98n/sU/bey+tYk6tnGJzm7ioh5FoqrAiQ6m03IgaA==
